
Microsoft Visual Studio Solution File, Format Version 12.00
# Visual Studio 15
VisualStudioVersion = 15.0.28307.902
MinimumVisualStudioVersion = 10.0.40219.1
Project("{FAE04EC0-301F-11D3-BF4B-00C04F79EFBC}") = "UbiSoftCoreApiScores", "UbiSoftCoreApiScores\UbiSoftCoreApiScores.csproj", "{AC414EA2-094F-4E2F-92A5-8B392DE020B8}"
EndProject
Global
	GlobalSection(SolutionConfigurationPlatforms) = preSolution
		Debug|Any CPU = Debug|Any CPU
		Release|Any CPU = Release|Any CPU
	EndGlobalSection
	GlobalSection(ProjectConfigurationPlatforms) = postSolution
		{AC414EA2-094F-4E2F-92A5-8B392DE020B8}.Debug|Any CPU.ActiveCfg = Debug|Any CPU
		{AC414EA2-094F-4E2F-92A5-8B392DE020B8}.Debug|Any CPU.Build.0 = Debug|Any CPU
		{AC414EA2-094F-4E2F-92A5-8B392DE020B8}.Release|Any CPU.ActiveCfg = Release|Any CPU
		{AC414EA2-094F-4E2F-92A5-8B392DE020B8}.Release|Any CPU.Build.0 = Release|Any CPU
	EndGlobalSection
	GlobalSection(SolutionProperties) = preSolution
		HideSolutionNode = FALSE
	EndGlobalSection
	GlobalSection(ExtensibilityGlobals) = postSolution
		SolutionGuid = {F8FBDC9D-9FEF-433D-B5C8-3A257AD78ADB}
	EndGlobalSection
EndGlobal
